
Microsoft Visual Studio Solution File, Format Version 12.00
# Visual Studio Version 16
VisualStudioVersion = 16.0.31702.278
MinimumVisualStudioVersion = 10.0.40219.1
Project("{FAE04EC0-301F-11D3-BF4B-00C04F79EFBC}") = "formLogin_Register", "formLogin_Register\formLogin_Register.csproj", "{8021CA8A-FAA5-42CB-9191-316C3D8329A9}"
EndProject
Global
	GlobalSection(SolutionConfigurationPlatforms) = preSolution
		Debug|Any CPU = Debug|Any CPU
		Release|Any CPU = Release|Any CPU
	EndGlobalSection
	GlobalSection(ProjectConfigurationPlatforms) = postSolution
		{8021CA8A-FAA5-42CB-9191-316C3D8329A9}.Debug|Any CPU.ActiveCfg = Debug|Any CPU
		{8021CA8A-FAA5-42CB-9191-316C3D8329A9}.Debug|Any CPU.Build.0 = Debug|Any CPU
		{8021CA8A-FAA5-42CB-9191-316C3D8329A9}.Release|Any CPU.ActiveCfg = Release|Any CPU
		{8021CA8A-FAA5-42CB-9191-316C3D8329A9}.Release|Any CPU.Build.0 = Release|Any CPU
	EndGlobalSection
	GlobalSection(SolutionProperties) = preSolution
		HideSolutionNode = FALSE
	EndGlobalSection
	GlobalSection(ExtensibilityGlobals) = postSolution
		SolutionGuid = {D757C917-4418-43D7-B677-BDCF2EA694F1}
	EndGlobalSection
EndGlobal
